
Microsoft Visual Studio Solution File, Format Version 12.00
# Visual Studio Version 17
VisualStudioVersion = 17.11.35327.3
MinimumVisualStudioVersion = 10.0.40219.1
Project("{9A19103F-16F7-4668-BE54-9A1E7A4F7556}") = "BOs", "BOs\BOs.csproj", "{351CBA96-7150-4584-BC7A-85B8B987A90B}"
EndProject
Project("{9A19103F-16F7-4668-BE54-9A1E7A4F7556}") = "Repository", "Repository\Repository.csproj", "{2D9FD331-89B0-4788-B9B7-204D94FC004A}"
EndProject
Project("{9A19103F-16F7-4668-BE54-9A1E7A4F7556}") = "Service", "Service\Service.csproj", "{B6864950-5BEE-4BA4-A0D9-A4E7B28373EB}"
EndProject
Project("{9A19103F-16F7-4668-BE54-9A1E7A4F7556}") = "API", "API\API.csproj", "{07BA134C-3277-4001-8C72-C544D51B657A}"
EndProject
Project("{9A19103F-16F7-4668-BE54-9A1E7A4F7556}") = "DAO", "DAO\DAO.csproj", "{03BD0FEC-2F80-4E45-A6A9-673E1E1F7587}"
EndProject
Project("{9A19103F-16F7-4668-BE54-9A1E7A4F7556}") = "FrontEnd", "FrontEnd\FrontEnd.csproj", "{AE07EB75-25D4-403D-B432-24A69FFFA880}"
EndProject
Global
	GlobalSection(SolutionConfigurationPlatforms) = preSolution
		Debug|Any CPU = Debug|Any CPU
		Release|Any CPU = Release|Any CPU
	EndGlobalSection
	GlobalSection(ProjectConfigurationPlatforms) = postSolution
		{351CBA96-7150-4584-BC7A-85B8B987A90B}.Debug|Any CPU.ActiveCfg = Debug|Any CPU
		{351CBA96-7150-4584-BC7A-85B8B987A90B}.Debug|Any CPU.Build.0 = Debug|Any CPU
		{351CBA96-7150-4584-BC7A-85B8B987A90B}.Release|Any CPU.ActiveCfg = Release|Any CPU
		{351CBA96-7150-4584-BC7A-85B8B987A90B}.Release|Any CPU.Build.0 = Release|Any CPU
		{2D9FD331-89B0-4788-B9B7-204D94FC004A}.Debug|Any CPU.ActiveCfg = Debug|Any CPU
		{2D9FD331-89B0-4788-B9B7-204D94FC004A}.Debug|Any CPU.Build.0 = Debug|Any CPU
		{2D9FD331-89B0-4788-B9B7-204D94FC004A}.Release|Any CPU.ActiveCfg = Release|Any CPU
		{2D9FD331-89B0-4788-B9B7-204D94FC004A}.Release|Any CPU.Build.0 = Release|Any CPU
		{B6864950-5BEE-4BA4-A0D9-A4E7B28373EB}.Debug|Any CPU.ActiveCfg = Debug|Any CPU
		{B6864950-5BEE-4BA4-A0D9-A4E7B28373EB}.Debug|Any CPU.Build.0 = Debug|Any CPU
		{B6864950-5BEE-4BA4-A0D9-A4E7B28373EB}.Release|Any CPU.ActiveCfg = Release|Any CPU
		{B6864950-5BEE-4BA4-A0D9-A4E7B28373EB}.Release|Any CPU.Build.0 = Release|Any CPU
		{07BA134C-3277-4001-8C72-C544D51B657A}.Debug|Any CPU.ActiveCfg = Debug|Any CPU
		{07BA134C-3277-4001-8C72-C544D51B657A}.Debug|Any CPU.Build.0 = Debug|Any CPU
		{07BA134C-3277-4001-8C72-C544D51B657A}.Release|Any CPU.ActiveCfg = Release|Any CPU
		{07BA134C-3277-4001-8C72-C544D51B657A}.Release|Any CPU.Build.0 = Release|Any CPU
		{03BD0FEC-2F80-4E45-A6A9-673E1E1F7587}.Debug|Any CPU.ActiveCfg = Debug|Any CPU
		{03BD0FEC-2F80-4E45-A6A9-673E1E1F7587}.Debug|Any CPU.Build.0 = Debug|Any CPU
		{03BD0FEC-2F80-4E45-A6A9-673E1E1F7587}.Release|Any CPU.ActiveCfg = Release|Any CPU
		{03BD0FEC-2F80-4E45-A6A9-673E1E1F7587}.Release|Any CPU.Build.0 = Release|Any CPU
		{AE07EB75-25D4-403D-B432-24A69FFFA880}.Debug|Any CPU.ActiveCfg = Debug|Any CPU
		{AE07EB75-25D4-403D-B432-24A69FFFA880}.Debug|Any CPU.Build.0 = Debug|Any CPU
		{AE07EB75-25D4-403D-B432-24A69FFFA880}.Release|Any CPU.ActiveCfg = Release|Any CPU
		{AE07EB75-25D4-403D-B432-24A69FFFA880}.Release|Any CPU.Build.0 = Release|Any CPU
	EndGlobalSection
	GlobalSection(SolutionProperties) = preSolution
		HideSolutionNode = FALSE
	EndGlobalSection
	GlobalSection(ExtensibilityGlobals) = postSolution
		SolutionGuid = {9B7DEB4B-3731-4DBF-93DB-1ED133C443BF}
	EndGlobalSection
EndGlobal
